
Microsoft Visual Studio Solution File, Format Version 12.00
# Visual Studio Version 17
VisualStudioVersion = 17.14.37314.3
MinimumVisualStudioVersion = 10.0.40219.1
Project("{FAE04EC0-301F-11D3-BF4B-00C04F79EFBC}") = "KnapsackP2", "KnapsackP2\KnapsackP2.csproj", "{9BC31C60-068B-4624-BED1-870CFC31FE90}"
EndProject
Project("{FAE04EC0-301F-11D3-BF4B-00C04F79EFBC}") = "TSP1", "TSP1\TSP1.csproj", "{151D6948-F450-4E75-B9AD-4513FE1ECD55}"
EndProject
Global
	GlobalSection(SolutionConfigurationPlatforms) = preSolution
		Debug|Any CPU = Debug|Any CPU
		Release|Any CPU = Release|Any CPU
	EndGlobalSection
	GlobalSection(ProjectConfigurationPlatforms) = postSolution
		{9BC31C60-068B-4624-BED1-870CFC31FE90}.Debug|Any CPU.ActiveCfg = Debug|Any CPU
		{9BC31C60-068B-4624-BED1-870CFC31FE90}.Debug|Any CPU.Build.0 = Debug|Any CPU
		{9BC31C60-068B-4624-BED1-870CFC31FE90}.Release|Any CPU.ActiveCfg = Release|Any CPU
		{9BC31C60-068B-4624-BED1-870CFC31FE90}.Release|Any CPU.Build.0 = Release|Any CPU
		{151D6948-F450-4E75-B9AD-4513FE1ECD55}.Debug|Any CPU.ActiveCfg = Debug|Any CPU
		{151D6948-F450-4E75-B9AD-4513FE1ECD55}.Debug|Any CPU.Build.0 = Debug|Any CPU
		{151D6948-F450-4E75-B9AD-4513FE1ECD55}.Release|Any CPU.ActiveCfg = Release|Any CPU
		{151D6948-F450-4E75-B9AD-4513FE1ECD55}.Release|Any CPU.Build.0 = Release|Any CPU
	EndGlobalSection
	GlobalSection(SolutionProperties) = preSolution
		HideSolutionNode = FALSE
	EndGlobalSection
	GlobalSection(ExtensibilityGlobals) = postSolution
		SolutionGuid = {CDD17229-1ADB-474F-8527-F269A8D01F3A}
	EndGlobalSection
EndGlobal
